
Microsoft Visual Studio Solution File, Format Version 12.00
# Visual Studio 15
VisualStudioVersion = 15.0.27428.1
MinimumVisualStudioVersion = 10.0.40219.1
Project("{9A19103F-16F7-4668-BE54-9A1E7A4F7556}") = "MergeSort", "MergeSort\MergeSort.csproj", "{00FB6818-D7A8-4C71-9A0E-19E07A75E821}"
EndProject
Project("{9A19103F-16F7-4668-BE54-9A1E7A4F7556}") = "SelectionSort", "SelectionSort\SelectionSort.csproj", "{A61D8952-FC0F-45BE-AEB3-6B3EBFEE1337}"
EndProject
Project("{9A19103F-16F7-4668-BE54-9A1E7A4F7556}") = "InsertionSort", "InsertionSort\InsertionSort.csproj", "{88D4588B-FF10-41EA-8F57-FF00E1D64DB9}"
EndProject
Project("{2150E333-8FDC-42A3-9474-1A3956D46DE8}") = "Graphs", "Graphs", "{D90E77DC-3D1E-4ECE-BBEF-52FB9B7FC11F}"
	ProjectSection(SolutionItems) = preProject
		ReadMe.txt = ReadMe.txt
	EndProjectSection
EndProject
Project("{2150E333-8FDC-42A3-9474-1A3956D46DE8}") = "Sorting", "Sorting", "{57A34EC9-5DFE-4715-87D9-237CF8C82E9F}"
EndProject
Project("{9A19103F-16F7-4668-BE54-9A1E7A4F7556}") = "LongestPath_Directed_AcyclicGraph", "LongestPath_Directed_AcyclicGraph\LongestPath_Directed_AcyclicGraph.csproj", "{A72093B9-43FA-4A9B-AFD5-418F642017A1}"
EndProject
Project("{9A19103F-16F7-4668-BE54-9A1E7A4F7556}") = "Breadth_First_Search", "Breadth_First_Search\Breadth_First_Search.csproj", "{21B648CF-E6AB-4AA7-8E6D-A28A953A524D}"
EndProject
Project("{9A19103F-16F7-4668-BE54-9A1E7A4F7556}") = "Depth_First_Search", "Depth_First_Search\Depth_First_Search.csproj", "{7752BFBD-3887-4BA0-A4E6-CE52143502D0}"
EndProject
Project("{9A19103F-16F7-4668-BE54-9A1E7A4F7556}") = "Topological_Sorting", "Topological_Sorting\Topological_Sorting.csproj", "{AE4AFA98-40F8-49B4-BAD1-726386EBD41A}"
EndProject
Project("{9A19103F-16F7-4668-BE54-9A1E7A4F7556}") = "Kosaraju_StronglyConnectedComponents", "Strongly_Connected_Components\Kosaraju_StronglyConnectedComponents.csproj", "{498DD6E3-DA7B-4F82-85A6-A6DCED6407EB}"
EndProject
Project("{9A19103F-16F7-4668-BE54-9A1E7A4F7556}") = "Kruskals_MinimumSpanningTree", "Kruskals_MinimumSpanningTree\Kruskals_MinimumSpanningTree.csproj", "{E16DE680-AEBB-4B18-B235-58EC44BF0753}"
EndProject
Project("{9A19103F-16F7-4668-BE54-9A1E7A4F7556}") = "Prim_MinimumSpanningTree", "Prim_MinimumSpanningTree\Prim_MinimumSpanningTree.csproj", "{4AEFCC3B-A82B-4688-8470-705B182C7CAC}"
EndProject
Project("{9A19103F-16F7-4668-BE54-9A1E7A4F7556}") = "BellmanFord_SingleSourceShortestPaths", "Bellman_Ford\BellmanFord_SingleSourceShortestPaths.csproj", "{BE5E158A-4C0C-477F-9F19-C05BA7738791}"
EndProject
Project("{9A19103F-16F7-4668-BE54-9A1E7A4F7556}") = "DirectedAcyclicGraphs_SingleSourceShortestPaths", "SingleSource_ShortestPaths_DirectedAcyclicGraphs\DirectedAcyclicGraphs_SingleSourceShortestPaths.csproj", "{59A40EFA-4BD6-4979-BF0A-B212F9064C22}"
EndProject
Project("{9A19103F-16F7-4668-BE54-9A1E7A4F7556}") = "DijkstrasAlgorithm_SingleSourceShortestPaths", "DijkstrasAlgorithm_SingleSourceShortestPaths\DijkstrasAlgorithm_SingleSourceShortestPaths.csproj", "{9A1608F4-5674-4200-94F0-DA3D4EB40681}"
EndProject
Project("{9A19103F-16F7-4668-BE54-9A1E7A4F7556}") = "FloydWarshall_AllPairsShortestPaths", "FloydWarshall_AllPairsShortestPaths\FloydWarshall_AllPairsShortestPaths.csproj", "{F5D73445-F557-47A6-8D78-F8052734DAD7}"
EndProject
Project("{9A19103F-16F7-4668-BE54-9A1E7A4F7556}") = "FordFulkerson_MaximumFLow", "Johnson_AllPairsShortestPaths\FordFulkerson_MaximumFLow.csproj", "{B473F9F8-4E63-4237-80C9-B74E01D59F69}"
EndProject
Project("{2150E333-8FDC-42A3-9474-1A3956D46DE8}") = "Algorithms", "Algorithms", "{C7F955D6-D7D6-4F52-8901-D3B93DCC9B2B}"
EndProject
Project("{2150E333-8FDC-42A3-9474-1A3956D46DE8}") = "Puzzles", "Puzzles", "{A230C7FA-FE87-4BA2-AB7B-939DB215B75F}"
EndProject
Project("{9A19103F-16F7-4668-BE54-9A1E7A4F7556}") = "UnionFind_DetectCycleUndirectedGraph", "UnionFind_DetectCycleUndirectedGraph\UnionFind_DetectCycleUndirectedGraph.csproj", "{5425DBE2-9A23-4266-BA9D-FE99ACC39335}"
EndProject
Project("{9A19103F-16F7-4668-BE54-9A1E7A4F7556}") = "DetectCycle_DirectedGraph", "DetectCycle_DirectedGraph\DetectCycle_DirectedGraph.csproj", "{D016FF0C-35D6-40F0-A0A3-AC8C42CBA59E}"
EndProject
Project("{9A19103F-16F7-4668-BE54-9A1E7A4F7556}") = "DetectCycle_UnDirectedGraph", "DetectCycle_UnDirectedGraph\DetectCycle_UnDirectedGraph.csproj", "{AED5CEC6-577E-43DF-B879-6A520D5B589A}"
EndProject
Project("{9A19103F-16F7-4668-BE54-9A1E7A4F7556}") = "Topological_Sorting_Test_Proved", "Topological_Sorting_Test_NotProved\Topological_Sorting_Test_Proved.csproj", "{814C32FD-9DC5-462C-B464-A0248F35F7AD}"
EndProject
Project("{FAE04EC0-301F-11D3-BF4B-00C04F79EFBC}") = "JumpingNumbers", "JumpingNumbers\JumpingNumbers.csproj", "{973B3383-358E-4B8B-87CC-395792351CA3}"
EndProject
Global
	GlobalSection(SolutionConfigurationPlatforms) = preSolution
		Debug|Any CPU = Debug|Any CPU
		Release|Any CPU = Release|Any CPU
	EndGlobalSection
	GlobalSection(ProjectConfigurationPlatforms) = postSolution
		{00FB6818-D7A8-4C71-9A0E-19E07A75E821}.Debug|Any CPU.ActiveCfg = Debug|Any CPU
		{00FB6818-D7A8-4C71-9A0E-19E07A75E821}.Debug|Any CPU.Build.0 = Debug|Any CPU
		{00FB6818-D7A8-4C71-9A0E-19E07A75E821}.Release|Any CPU.ActiveCfg = Release|Any CPU
		{00FB6818-D7A8-4C71-9A0E-19E07A75E821}.Release|Any CPU.Build.0 = Release|Any CPU
		{A61D8952-FC0F-45BE-AEB3-6B3EBFEE1337}.Debug|Any CPU.ActiveCfg = Debug|Any CPU
		{A61D8952-FC0F-45BE-AEB3-6B3EBFEE1337}.Debug|Any CPU.Build.0 = Debug|Any CPU
		{A61D8952-FC0F-45BE-AEB3-6B3EBFEE1337}.Release|Any CPU.ActiveCfg = Release|Any CPU
		{A61D8952-FC0F-45BE-AEB3-6B3EBFEE1337}.Release|Any CPU.Build.0 = Release|Any CPU
		{88D4588B-FF10-41EA-8F57-FF00E1D64DB9}.Debug|Any CPU.ActiveCfg = Debug|Any CPU
		{88D4588B-FF10-41EA-8F57-FF00E1D64DB9}.Debug|Any CPU.Build.0 = Debug|Any CPU
		{88D4588B-FF10-41EA-8F57-FF00E1D64DB9}.Release|Any CPU.ActiveCfg = Release|Any CPU
		{88D4588B-FF10-41EA-8F57-FF00E1D64DB9}.Release|Any CPU.Build.0 = Release|Any CPU
		{A72093B9-43FA-4A9B-AFD5-418F642017A1}.Debug|Any CPU.ActiveCfg = Debug|Any CPU
		{A72093B9-43FA-4A9B-AFD5-418F642017A1}.Debug|Any CPU.Build.0 = Debug|Any CPU
		{A72093B9-43FA-4A9B-AFD5-418F642017A1}.Release|Any CPU.ActiveCfg = Release|Any CPU
		{A72093B9-43FA-4A9B-AFD5-418F642017A1}.Release|Any CPU.Build.0 = Release|Any CPU
		{21B648CF-E6AB-4AA7-8E6D-A28A953A524D}.Debug|Any CPU.ActiveCfg = Debug|Any CPU
		{21B648CF-E6AB-4AA7-8E6D-A28A953A524D}.Debug|Any CPU.Build.0 = Debug|Any CPU
		{21B648CF-E6AB-4AA7-8E6D-A28A953A524D}.Release|Any CPU.ActiveCfg = Release|Any CPU
		{21B648CF-E6AB-4AA7-8E6D-A28A953A524D}.Release|Any CPU.Build.0 = Release|Any CPU
		{7752BFBD-3887-4BA0-A4E6-CE52143502D0}.Debug|Any CPU.ActiveCfg = Debug|Any CPU
		{7752BFBD-3887-4BA0-A4E6-CE52143502D0}.Debug|Any CPU.Build.0 = Debug|Any CPU
		{7752BFBD-3887-4BA0-A4E6-CE52143502D0}.Release|Any CPU.ActiveCfg = Release|Any CPU
		{7752BFBD-3887-4BA0-A4E6-CE52143502D0}.Release|Any CPU.Build.0 = Release|Any CPU
		{AE4AFA98-40F8-49B4-BAD1-726386EBD41A}.Debug|Any CPU.ActiveCfg = Debug|Any CPU
		{AE4AFA98-40F8-49B4-BAD1-726386EBD41A}.Debug|Any CPU.Build.0 = Debug|Any CPU
		{AE4AFA98-40F8-49B4-BAD1-726386EBD41A}.Release|Any CPU.ActiveCfg = Release|Any CPU
		{AE4AFA98-40F8-49B4-BAD1-726386EBD41A}.Release|Any CPU.Build.0 = Release|Any CPU
		{498DD6E3-DA7B-4F82-85A6-A6DCED6407EB}.Debug|Any CPU.ActiveCfg = Debug|Any CPU
		{498DD6E3-DA7B-4F82-85A6-A6DCED6407EB}.Debug|Any CPU.Build.0 = Debug|Any CPU
		{498DD6E3-DA7B-4F82-85A6-A6DCED6407EB}.Release|Any CPU.ActiveCfg = Release|Any CPU
		{498DD6E3-DA7B-4F82-85A6-A6DCED6407EB}.Release|Any CPU.Build.0 = Release|Any CPU
		{E16DE680-AEBB-4B18-B235-58EC44BF0753}.Debug|Any CPU.ActiveCfg = Debug|Any CPU
		{E16DE680-AEBB-4B18-B235-58EC44BF0753}.Debug|Any CPU.Build.0 = Debug|Any CPU
		{E16DE680-AEBB-4B18-B235-58EC44BF0753}.Release|Any CPU.ActiveCfg = Release|Any CPU
		{E16DE680-AEBB-4B18-B235-58EC44BF0753}.Release|Any CPU.Build.0 = Release|Any CPU
		{4AEFCC3B-A82B-4688-8470-705B182C7CAC}.Debug|Any CPU.ActiveCfg = Debug|Any CPU
		{4AEFCC3B-A82B-4688-8470-705B182C7CAC}.Debug|Any CPU.Build.0 = Debug|Any CPU
		{4AEFCC3B-A82B-4688-8470-705B182C7CAC}.Release|Any CPU.ActiveCfg = Release|Any CPU
		{4AEFCC3B-A82B-4688-8470-705B182C7CAC}.Release|Any CPU.Build.0 = Release|Any CPU
		{BE5E158A-4C0C-477F-9F19-C05BA7738791}.Debug|Any CPU.ActiveCfg = Debug|Any CPU
		{BE5E158A-4C0C-477F-9F19-C05BA7738791}.Debug|Any CPU.Build.0 = Debug|Any CPU
		{BE5E158A-4C0C-477F-9F19-C05BA7738791}.Release|Any CPU.ActiveCfg = Release|Any CPU
		{BE5E158A-4C0C-477F-9F19-C05BA7738791}.Release|Any CPU.Build.0 = Release|Any CPU
		{59A40EFA-4BD6-4979-BF0A-B212F9064C22}.Debug|Any CPU.ActiveCfg = Debug|Any CPU
		{59A40EFA-4BD6-4979-BF0A-B212F9064C22}.Debug|Any CPU.Build.0 = Debug|Any CPU
		{59A40EFA-4BD6-4979-BF0A-B212F9064C22}.Release|Any CPU.ActiveCfg = Release|Any CPU
		{59A40EFA-4BD6-4979-BF0A-B212F9064C22}.Release|Any CPU.Build.0 = Release|Any CPU
		{9A1608F4-5674-4200-94F0-DA3D4EB40681}.Debug|Any CPU.ActiveCfg = Debug|Any CPU
		{9A1608F4-5674-4200-94F0-DA3D4EB40681}.Debug|Any CPU.Build.0 = Debug|Any CPU
		{9A1608F4-5674-4200-94F0-DA3D4EB40681}.Release|Any CPU.ActiveCfg = Release|Any CPU
		{9A1608F4-5674-4200-94F0-DA3D4EB40681}.Release|Any CPU.Build.0 = Release|Any CPU
		{F5D73445-F557-47A6-8D78-F8052734DAD7}.Debug|Any CPU.ActiveCfg = Debug|Any CPU
		{F5D73445-F557-47A6-8D78-F8052734DAD7}.Debug|Any CPU.Build.0 = Debug|Any CPU
		{F5D73445-F557-47A6-8D78-F8052734DAD7}.Release|Any CPU.ActiveCfg = Release|Any CPU
		{F5D73445-F557-47A6-8D78-F8052734DAD7}.Release|Any CPU.Build.0 = Release|Any CPU
		{B473F9F8-4E63-4237-80C9-B74E01D59F69}.Debug|Any CPU.ActiveCfg = Debug|Any CPU
		{B473F9F8-4E63-4237-80C9-B74E01D59F69}.Debug|Any CPU.Build.0 = Debug|Any CPU
		{B473F9F8-4E63-4237-80C9-B74E01D59F69}.Release|Any CPU.ActiveCfg = Release|Any CPU
		{B473F9F8-4E63-4237-80C9-B74E01D59F69}.Release|Any CPU.Build.0 = Release|Any CPU
		{5425DBE2-9A23-4266-BA9D-FE99ACC39335}.Debug|Any CPU.ActiveCfg = Debug|Any CPU
		{5425DBE2-9A23-4266-BA9D-FE99ACC39335}.Debug|Any CPU.Build.0 = Debug|Any CPU
		{5425DBE2-9A23-4266-BA9D-FE99ACC39335}.Release|Any CPU.ActiveCfg = Release|Any CPU
		{5425DBE2-9A23-4266-BA9D-FE99ACC39335}.Release|Any CPU.Build.0 = Release|Any CPU
		{D016FF0C-35D6-40F0-A0A3-AC8C42CBA59E}.Debug|Any CPU.ActiveCfg = Debug|Any CPU
		{D016FF0C-35D6-40F0-A0A3-AC8C42CBA59E}.Debug|Any CPU.Build.0 = Debug|Any CPU
		{D016FF0C-35D6-40F0-A0A3-AC8C42CBA59E}.Release|Any CPU.ActiveCfg = Release|Any CPU
		{D016FF0C-35D6-40F0-A0A3-AC8C42CBA59E}.Release|Any CPU.Build.0 = Release|Any CPU
		{AED5CEC6-577E-43DF-B879-6A520D5B589A}.Debug|Any CPU.ActiveCfg = Debug|Any CPU
		{AED5CEC6-577E-43DF-B879-6A520D5B589A}.Debug|Any CPU.Build.0 = Debug|Any CPU
		{AED5CEC6-577E-43DF-B879-6A520D5B589A}.Release|Any CPU.ActiveCfg = Release|Any CPU
		{AED5CEC6-577E-43DF-B879-6A520D5B589A}.Release|Any CPU.Build.0 = Release|Any CPU
		{814C32FD-9DC5-462C-B464-A0248F35F7AD}.Debug|Any CPU.ActiveCfg = Debug|Any CPU
		{814C32FD-9DC5-462C-B464-A0248F35F7AD}.Debug|Any CPU.Build.0 = Debug|Any CPU
		{814C32FD-9DC5-462C-B464-A0248F35F7AD}.Release|Any CPU.ActiveCfg = Release|Any CPU
		{814C32FD-9DC5-462C-B464-A0248F35F7AD}.Release|Any CPU.Build.0 = Release|Any CPU
		{973B3383-358E-4B8B-87CC-395792351CA3}.Debug|Any CPU.ActiveCfg = Debug|Any CPU
		{973B3383-358E-4B8B-87CC-395792351CA3}.Debug|Any CPU.Build.0 = Debug|Any CPU
		{973B3383-358E-4B8B-87CC-395792351CA3}.Release|Any CPU.ActiveCfg = Release|Any CPU
		{973B3383-358E-4B8B-87CC-395792351CA3}.Release|Any CPU.Build.0 = Release|Any CPU
	EndGlobalSection
	GlobalSection(SolutionProperties) = preSolution
		HideSolutionNode = FALSE
	EndGlobalSection
	GlobalSection(NestedProjects) = preSolution
		{00FB6818-D7A8-4C71-9A0E-19E07A75E821} = {57A34EC9-5DFE-4715-87D9-237CF8C82E9F}
		{A61D8952-FC0F-45BE-AEB3-6B3EBFEE1337} = {57A34EC9-5DFE-4715-87D9-237CF8C82E9F}
		{88D4588B-FF10-41EA-8F57-FF00E1D64DB9} = {57A34EC9-5DFE-4715-87D9-237CF8C82E9F}
		{A72093B9-43FA-4A9B-AFD5-418F642017A1} = {A230C7FA-FE87-4BA2-AB7B-939DB215B75F}
		{21B648CF-E6AB-4AA7-8E6D-A28A953A524D} = {C7F955D6-D7D6-4F52-8901-D3B93DCC9B2B}
		{7752BFBD-3887-4BA0-A4E6-CE52143502D0} = {C7F955D6-D7D6-4F52-8901-D3B93DCC9B2B}
		{AE4AFA98-40F8-49B4-BAD1-726386EBD41A} = {C7F955D6-D7D6-4F52-8901-D3B93DCC9B2B}
		{498DD6E3-DA7B-4F82-85A6-A6DCED6407EB} = {C7F955D6-D7D6-4F52-8901-D3B93DCC9B2B}
		{E16DE680-AEBB-4B18-B235-58EC44BF0753} = {C7F955D6-D7D6-4F52-8901-D3B93DCC9B2B}
		{4AEFCC3B-A82B-4688-8470-705B182C7CAC} = {C7F955D6-D7D6-4F52-8901-D3B93DCC9B2B}
		{BE5E158A-4C0C-477F-9F19-C05BA7738791} = {C7F955D6-D7D6-4F52-8901-D3B93DCC9B2B}
		{59A40EFA-4BD6-4979-BF0A-B212F9064C22} = {C7F955D6-D7D6-4F52-8901-D3B93DCC9B2B}
		{9A1608F4-5674-4200-94F0-DA3D4EB40681} = {C7F955D6-D7D6-4F52-8901-D3B93DCC9B2B}
		{F5D73445-F557-47A6-8D78-F8052734DAD7} = {C7F955D6-D7D6-4F52-8901-D3B93DCC9B2B}
		{B473F9F8-4E63-4237-80C9-B74E01D59F69} = {C7F955D6-D7D6-4F52-8901-D3B93DCC9B2B}
		{C7F955D6-D7D6-4F52-8901-D3B93DCC9B2B} = {D90E77DC-3D1E-4ECE-BBEF-52FB9B7FC11F}
		{A230C7FA-FE87-4BA2-AB7B-939DB215B75F} = {D90E77DC-3D1E-4ECE-BBEF-52FB9B7FC11F}
		{5425DBE2-9A23-4266-BA9D-FE99ACC39335} = {A230C7FA-FE87-4BA2-AB7B-939DB215B75F}
		{D016FF0C-35D6-40F0-A0A3-AC8C42CBA59E} = {A230C7FA-FE87-4BA2-AB7B-939DB215B75F}
		{AED5CEC6-577E-43DF-B879-6A520D5B589A} = {A230C7FA-FE87-4BA2-AB7B-939DB215B75F}
		{814C32FD-9DC5-462C-B464-A0248F35F7AD} = {C7F955D6-D7D6-4F52-8901-D3B93DCC9B2B}
		{973B3383-358E-4B8B-87CC-395792351CA3} = {A230C7FA-FE87-4BA2-AB7B-939DB215B75F}
	EndGlobalSection
	GlobalSection(ExtensibilityGlobals) = postSolution
		SolutionGuid = {B1F3BDDF-D737-4AE1-A3B2-F8E16894EA36}
	EndGlobalSection
EndGlobal
