
Microsoft Visual Studio Solution File, Format Version 12.00
# Visual Studio 15
VisualStudioVersion = 15.0.27428.1
MinimumVisualStudioVersion = 10.0.40219.1
Project("{9A19103F-16F7-4668-BE54-9A1E7A4F7556}") = "MergeSort", "MergeSort\MergeSort.csproj", "{00FB6818-D7A8-4C71-9A0E-19E07A75E821}"
EndProject
Project("{9A19103F-16F7-4668-BE54-9A1E7A4F7556}") = "SelectionSort", "SelectionSort\SelectionSort.csproj", "{A61D8952-FC0F-45BE-AEB3-6B3EBFEE1337}"
EndProject
Project("{9A19103F-16F7-4668-BE54-9A1E7A4F7556}") = "InsertionSort", "InsertionSort\InsertionSort.csproj", "{88D4588B-FF10-41EA-8F57-FF00E1D64DB9}"
EndProject
Project("{2150E333-8FDC-42A3-9474-1A3956D46DE8}") = "Graphs", "Graphs", "{D90E77DC-3D1E-4ECE-BBEF-52FB9B7FC11F}"
EndProject
Project("{2150E333-8FDC-42A3-9474-1A3956D46DE8}") = "Sorting", "Sorting", "{57A34EC9-5DFE-4715-87D9-237CF8C82E9F}"
EndProject
Project("{FAE04EC0-301F-11D3-BF4B-00C04F79EFBC}") = "LongestPath_Directed_AcyclicGraph", "LongestPath_Directed_AcyclicGraph\LongestPath_Directed_AcyclicGraph.csproj", "{A72093B9-43FA-4A9B-AFD5-418F642017A1}"
EndProject
Global
	GlobalSection(SolutionConfigurationPlatforms) = preSolution
		Debug|Any CPU = Debug|Any CPU
		Release|Any CPU = Release|Any CPU
	EndGlobalSection
	GlobalSection(ProjectConfigurationPlatforms) = postSolution
		{00FB6818-D7A8-4C71-9A0E-19E07A75E821}.Debug|Any CPU.ActiveCfg = Debug|Any CPU
		{00FB6818-D7A8-4C71-9A0E-19E07A75E821}.Debug|Any CPU.Build.0 = Debug|Any CPU
		{00FB6818-D7A8-4C71-9A0E-19E07A75E821}.Release|Any CPU.ActiveCfg = Release|Any CPU
		{00FB6818-D7A8-4C71-9A0E-19E07A75E821}.Release|Any CPU.Build.0 = Release|Any CPU
		{A61D8952-FC0F-45BE-AEB3-6B3EBFEE1337}.Debug|Any CPU.ActiveCfg = Debug|Any CPU
		{A61D8952-FC0F-45BE-AEB3-6B3EBFEE1337}.Debug|Any CPU.Build.0 = Debug|Any CPU
		{A61D8952-FC0F-45BE-AEB3-6B3EBFEE1337}.Release|Any CPU.ActiveCfg = Release|Any CPU
		{A61D8952-FC0F-45BE-AEB3-6B3EBFEE1337}.Release|Any CPU.Build.0 = Release|Any CPU
		{88D4588B-FF10-41EA-8F57-FF00E1D64DB9}.Debug|Any CPU.ActiveCfg = Debug|Any CPU
		{88D4588B-FF10-41EA-8F57-FF00E1D64DB9}.Debug|Any CPU.Build.0 = Debug|Any CPU
		{88D4588B-FF10-41EA-8F57-FF00E1D64DB9}.Release|Any CPU.ActiveCfg = Release|Any CPU
		{88D4588B-FF10-41EA-8F57-FF00E1D64DB9}.Release|Any CPU.Build.0 = Release|Any CPU
		{A72093B9-43FA-4A9B-AFD5-418F642017A1}.Debug|Any CPU.ActiveCfg = Debug|Any CPU
		{A72093B9-43FA-4A9B-AFD5-418F642017A1}.Debug|Any CPU.Build.0 = Debug|Any CPU
		{A72093B9-43FA-4A9B-AFD5-418F642017A1}.Release|Any CPU.ActiveCfg = Release|Any CPU
		{A72093B9-43FA-4A9B-AFD5-418F642017A1}.Release|Any CPU.Build.0 = Release|Any CPU
	EndGlobalSection
	GlobalSection(SolutionProperties) = preSolution
		HideSolutionNode = FALSE
	EndGlobalSection
	GlobalSection(NestedProjects) = preSolution
		{00FB6818-D7A8-4C71-9A0E-19E07A75E821} = {57A34EC9-5DFE-4715-87D9-237CF8C82E9F}
		{A61D8952-FC0F-45BE-AEB3-6B3EBFEE1337} = {57A34EC9-5DFE-4715-87D9-237CF8C82E9F}
		{88D4588B-FF10-41EA-8F57-FF00E1D64DB9} = {57A34EC9-5DFE-4715-87D9-237CF8C82E9F}
		{A72093B9-43FA-4A9B-AFD5-418F642017A1} = {D90E77DC-3D1E-4ECE-BBEF-52FB9B7FC11F}
	EndGlobalSection
	GlobalSection(ExtensibilityGlobals) = postSolution
		SolutionGuid = {B1F3BDDF-D737-4AE1-A3B2-F8E16894EA36}
	EndGlobalSection
EndGlobal
